
Microsoft Visual Studio Solution File, Format Version 12.00
# Visual Studio Version 17
VisualStudioVersion = 17.7.34031.279
MinimumVisualStudioVersion = 10.0.40219.1
Project("{FAE04EC0-301F-11D3-BF4B-00C04F79EFBC}") = "OlaMundo", "OlaMundo\OlaMundo.csproj", "{EB2D8B99-0C69-43B2-9ACD-AF33B920A553}"
EndProject
Global
	GlobalSection(SolutionConfigurationPlatforms) = preSolution
		Debug|Any CPU = Debug|Any CPU
		Release|Any CPU = Release|Any CPU
	EndGlobalSection
	GlobalSection(ProjectConfigurationPlatforms) = postSolution
		{EB2D8B99-0C69-43B2-9ACD-AF33B920A553}.Debug|Any CPU.ActiveCfg = Debug|Any CPU
		{EB2D8B99-0C69-43B2-9ACD-AF33B920A553}.Debug|Any CPU.Build.0 = Debug|Any CPU
		{EB2D8B99-0C69-43B2-9ACD-AF33B920A553}.Release|Any CPU.ActiveCfg = Release|Any CPU
		{EB2D8B99-0C69-43B2-9ACD-AF33B920A553}.Release|Any CPU.Build.0 = Release|Any CPU
	EndGlobalSection
	GlobalSection(SolutionProperties) = preSolution
		HideSolutionNode = FALSE
	EndGlobalSection
	GlobalSection(ExtensibilityGlobals) = postSolution
		SolutionGuid = {A3E374AC-9FD6-45EA-8306-918FB7CF278C}
	EndGlobalSection
EndGlobal
